// !$*UTF8*$!
{
	archiveVersion = 1;
	classes = {
	};
	objectVersion = 50;
	objects = {

/* Begin PBXBuildFile section */
		F1381B8B25122D21007319B6 /* AppDelegate.swift in Sources */ = {isa = PBXBuildFile; fileRef = F1381B8A25122D21007319B6 /* AppDelegate.swift */; };
		F1381B8D25122D21007319B6 /* SceneDelegate.swift in Sources */ = {isa = PBXBuildFile; fileRef = F1381B8C25122D21007319B6 /* SceneDelegate.swift */; };
		F1381B8F25122D21007319B6 /* CategoriesVC.swift in Sources */ = {isa = PBXBuildFile; fileRef = F1381B8E25122D21007319B6 /* CategoriesVC.swift */; };
		F1381B9225122D21007319B6 /* Main.storyboard in Resources */ = {isa = PBXBuildFile; fileRef = F1381B9025122D21007319B6 /* Main.storyboard */; };
		F1381B9425122D24007319B6 /* Assets.xcassets in Resources */ = {isa = PBXBuildFile; fileRef = F1381B9325122D24007319B6 /* Assets.xcassets */; };
		F1381B9725122D24007319B6 /* LaunchScreen.storyboard in Resources */ = {isa = PBXBuildFile; fileRef = F1381B9525122D24007319B6 /* LaunchScreen.storyboard */; };
		F15034F625139B1B00389E1E /* Category.swift in Sources */ = {isa = PBXBuildFile; fileRef = F15034F525139B1B00389E1E /* Category.swift */; };
		F15034FA2513A1E600389E1E /* Services.swift in Sources */ = {isa = PBXBuildFile; fileRef = F15034F92513A1E600389E1E /* Services.swift */; };
		F15034FD2513DE3A00389E1E /* ProductCell.swift in Sources */ = {isa = PBXBuildFile; fileRef = F15034FC2513DE3A00389E1E /* ProductCell.swift */; };
		F15035002514A5AA00389E1E /* Product.swift in Sources */ = {isa = PBXBuildFile; fileRef = F15034FF2514A5AA00389E1E /* Product.swift */; };
		F16426E82512464D00847585 /* CategoryCell.swift in Sources */ = {isa = PBXBuildFile; fileRef = F16426E72512464D00847585 /* CategoryCell.swift */; };
/* End PBXBuildFile section */

/* Begin PBXFileReference section */
		F1381B8725122D21007319B6 /* coder-swag.app */ = {isa = PBXFileReference; explicitFileType = wrapper.application; includeInIndex = 0; path = "coder-swag.app"; sourceTree = BUILT_PRODUCTS_DIR; };
		F1381B8A25122D21007319B6 /* AppDelegate.swift */ = {isa = PBXFileReference; lastKnownFileType = sourcecode.swift; path = AppDelegate.swift; sourceTree = "<group>"; };
		F1381B8C25122D21007319B6 /* SceneDelegate.swift */ = {isa = PBXFileReference; lastKnownFileType = sourcecode.swift; path = SceneDelegate.swift; sourceTree = "<group>"; };
		F1381B8E25122D21007319B6 /* CategoriesVC.swift */ = {isa = PBXFileReference; lastKnownFileType = sourcecode.swift; path = CategoriesVC.swift; sourceTree = "<group>"; };
		F1381B9125122D21007319B6 /* Base */ = {isa = PBXFileReference; lastKnownFileType = file.storyboard; name = Base; path = Base.lproj/Main.storyboard; sourceTree = "<group>"; };
		F1381B9325122D24007319B6 /* Assets.xcassets */ = {isa = PBXFileReference; lastKnownFileType = folder.assetcatalog; path = Assets.xcassets; sourceTree = "<group>"; };
		F1381B9625122D24007319B6 /* Base */ = {isa = PBXFileReference; lastKnownFileType = file.storyboard; name = Base; path = Base.lproj/LaunchScreen.storyboard; sourceTree = "<group>"; };
		F1381B9825122D24007319B6 /* Info.plist */ = {isa = PBXFileReference; lastKnownFileType = text.plist.xml; path = Info.plist; sourceTree = "<group>"; };
		F15034F525139B1B00389E1E /* Category.swift */ = {isa = PBXFileReference; lastKnownFileType = sourcecode.swift; path = Category.swift; sourceTree = "<group>"; };
		F15034F92513A1E600389E1E /* Services.swift */ = {isa = PBXFileReference; lastKnownFileType = sourcecode.swift; path = Services.swift; sourceTree = "<group>"; };
		F15034FC2513DE3A00389E1E /* ProductCell.swift */ = {isa = PBXFileReference; lastKnownFileType = sourcecode.swift; path = ProductCell.swift; sourceTree = "<group>"; };
		F15034FF2514A5AA00389E1E /* Product.swift */ = {isa = PBXFileReference; lastKnownFileType = sourcecode.swift; path = Product.swift; sourceTree = "<group>"; };
		F16426E72512464D00847585 /* CategoryCell.swift */ = {isa = PBXFileReference; lastKnownFileType = sourcecode.swift; path = CategoryCell.swift; sourceTree = "<group>"; };
/* End PBXFileReference section */

/* Begin PBXFrameworksBuildPhase section */
		F1381B8425122D21007319B6 /* Frameworks */ = {
			isa = PBXFrameworksBuildPhase;
			buildActionMask = 2147483647;
			files = (
			);
			runOnlyForDeploymentPostprocessing = 0;
		};
/* End PBXFrameworksBuildPhase section */

/* Begin PBXGroup section */
		F1381B7E25122D21007319B6 = {
			isa = PBXGroup;
			children = (
				F15034F825139F9700389E1E /* Services */,
				F16426E42512455A00847585 /* Model */,
				F16426E52512456E00847585 /* View */,
				F16426E62512457D00847585 /* Controller */,
				F1381B8925122D21007319B6 /* coder-swag */,
				F1381B8825122D21007319B6 /* Products */,
			);
			sourceTree = "<group>";
		};
		F1381B8825122D21007319B6 /* Products */ = {
			isa = PBXGroup;
			children = (
				F1381B8725122D21007319B6 /* coder-swag.app */,
			);
			name = Products;
			sourceTree = "<group>";
		};
		F1381B8925122D21007319B6 /* coder-swag */ = {
			isa = PBXGroup;
			children = (
				F1381B8A25122D21007319B6 /* AppDelegate.swift */,
				F1381B8C25122D21007319B6 /* SceneDelegate.swift */,
				F1381B9025122D21007319B6 /* Main.storyboard */,
				F1381B9325122D24007319B6 /* Assets.xcassets */,
				F1381B9525122D24007319B6 /* LaunchScreen.storyboard */,
				F1381B9825122D24007319B6 /* Info.plist */,
			);
			path = "coder-swag";
			sourceTree = "<group>";
		};
		F15034F825139F9700389E1E /* Services */ = {
			isa = PBXGroup;
			children = (
				F15034F92513A1E600389E1E /* Services.swift */,
			);
			path = Services;
			sourceTree = "<group>";
		};
		F16426E42512455A00847585 /* Model */ = {
			isa = PBXGroup;
			children = (
				F15034F525139B1B00389E1E /* Category.swift */,
				F15034FF2514A5AA00389E1E /* Product.swift */,
			);
			path = Model;
			sourceTree = "<group>";
		};
		F16426E52512456E00847585 /* View */ = {
			isa = PBXGroup;
			children = (
				F16426E72512464D00847585 /* CategoryCell.swift */,
				F15034FC2513DE3A00389E1E /* ProductCell.swift */,
			);
			path = View;
			sourceTree = "<group>";
		};
		F16426E62512457D00847585 /* Controller */ = {
			isa = PBXGroup;
			children = (
				F1381B8E25122D21007319B6 /* CategoriesVC.swift */,
			);
			path = Controller;
			sourceTree = "<group>";
		};
/* End PBXGroup section */

/* Begin PBXNativeTarget section */
		F1381B8625122D21007319B6 /* coder-swag */ = {
			isa = PBXNativeTarget;
			buildConfigurationList = F1381B9B25122D24007319B6 /* Build configuration list for PBXNativeTarget "coder-swag" */;
			buildPhases = (
				F1381B8325122D21007319B6 /* Sources */,
				F1381B8425122D21007319B6 /* Frameworks */,
				F1381B8525122D21007319B6 /* Resources */,
			);
			buildRules = (
			);
			dependencies = (
			);
			name = "coder-swag";
			productName = "coder-swag";
			productReference = F1381B8725122D21007319B6 /* coder-swag.app */;
			productType = "com.apple.product-type.application";
		};
/* End PBXNativeTarget section */

/* Begin PBXProject section */
		F1381B7F25122D21007319B6 /* Project object */ = {
			isa = PBXProject;
			attributes = {
				LastSwiftUpdateCheck = 1170;
				LastUpgradeCheck = 1170;
				ORGANIZATIONNAME = "Eduardo Malvido";
				TargetAttributes = {
					F1381B8625122D21007319B6 = {
						CreatedOnToolsVersion = 11.7;
					};
				};
			};
			buildConfigurationList = F1381B8225122D21007319B6 /* Build configuration list for PBXProject "coder-swag" */;
			compatibilityVersion = "Xcode 9.3";
			developmentRegion = en;
			hasScannedForEncodings = 0;
			knownRegions = (
				en,
				Base,
			);
			mainGroup = F1381B7E25122D21007319B6;
			productRefGroup = F1381B8825122D21007319B6 /* Products */;
			projectDirPath = "";
			projectRoot = "";
			targets = (
				F1381B8625122D21007319B6 /* coder-swag */,
			);
		};
/* End PBXProject section */

/* Begin PBXResourcesBuildPhase section */
		F1381B8525122D21007319B6 /* Resources */ = {
			isa = PBXResourcesBuildPhase;
			buildActionMask = 2147483647;
			files = (
				F1381B9725122D24007319B6 /* LaunchScreen.storyboard in Resources */,
				F1381B9425122D24007319B6 /* Assets.xcassets in Resources */,
				F1381B9225122D21007319B6 /* Main.storyboard in Resources */,
			);
			runOnlyForDeploymentPostprocessing = 0;
		};
/* End PBXResourcesBuildPhase section */

/* Begin PBXSourcesBuildPhase section */
		F1381B8325122D21007319B6 /* Sources */ = {
			isa = PBXSourcesBuildPhase;
			buildActionMask = 2147483647;
			files = (
				F1381B8F25122D21007319B6 /* CategoriesVC.swift in Sources */,
				F15035002514A5AA00389E1E /* Product.swift in Sources */,
				F15034FA2513A1E600389E1E /* Services.swift in Sources */,
				F15034F625139B1B00389E1E /* Category.swift in Sources */,
				F1381B8B25122D21007319B6 /* AppDelegate.swift in Sources */,
				F1381B8D25122D21007319B6 /* SceneDelegate.swift in Sources */,
				F15034FD2513DE3A00389E1E /* ProductCell.swift in Sources */,
				F16426E82512464D00847585 /* CategoryCell.swift in Sources */,
			);
			runOnlyForDeploymentPostprocessing = 0;
		};
/* End PBXSourcesBuildPhase section */

/* Begin PBXVariantGroup section */
		F1381B9025122D21007319B6 /* Main.storyboard */ = {
			isa = PBXVariantGroup;
			children = (
				F1381B9125122D21007319B6 /* Base */,
			);
			name = Main.storyboard;
			sourceTree = "<group>";
		};
		F1381B9525122D24007319B6 /* LaunchScreen.storyboard */ = {
			isa = PBXVariantGroup;
			children = (
				F1381B9625122D24007319B6 /* Base */,
			);
			name = LaunchScreen.storyboard;
			sourceTree = "<group>";
		};
/* End PBXVariantGroup section */

/* Begin XCBuildConfiguration section */
		F1381B9925122D24007319B6 /* Debug */ = {
			isa = XCBuildConfiguration;
			buildSettings = {
				ALWAYS_SEARCH_USER_PATHS = NO;
				CLANG_ANALYZER_NONNULL = YES;
				CLANG_ANALYZER_NUMBER_OBJECT_CONVERSION = YES_AGGRESSIVE;
				CLANG_CXX_LANGUAGE_STANDARD = "gnu++14";
				CLANG_CXX_LIBRARY = "libc++";
				CLANG_ENABLE_MODULES = YES;
				CLANG_ENABLE_OBJC_ARC = YES;
				CLANG_ENABLE_OBJC_WEAK = YES;
				CLANG_WARN_BLOCK_CAPTURE_AUTORELEASING = YES;
				CLANG_WARN_BOOL_CONVERSION = YES;
				CLANG_WARN_COMMA = YES;
				CLANG_WARN_CONSTANT_CONVERSION = YES;
				CLANG_WARN_DEPRECATED_OBJC_IMPLEMENTATIONS = YES;
				CLANG_WARN_DIRECT_OBJC_ISA_USAGE = YES_ERROR;
				CLANG_WARN_DOCUMENTATION_COMMENTS = YES;
				CLANG_WARN_EMPTY_BODY = YES;
				CLANG_WARN_ENUM_CONVERSION = YES;
				CLANG_WARN_INFINITE_RECURSION = YES;
				CLANG_WARN_INT_CONVERSION = YES;
				CLANG_WARN_NON_LITERAL_NULL_CONVERSION = YES;
				CLANG_WARN_OBJC_IMPLICIT_RETAIN_SELF = YES;
				CLANG_WARN_OBJC_LITERAL_CONVERSION = YES;
				CLANG_WARN_OBJC_ROOT_CLASS = YES_ERROR;
				CLANG_WARN_RANGE_LOOP_ANALYSIS = YES;
				CLANG_WARN_STRICT_PROTOTYPES = YES;
				CLANG_WARN_SUSPICIOUS_MOVE = YES;
				CLANG_WARN_UNGUARDED_AVAILABILITY = YES_AGGRESSIVE;
				CLANG_WARN_UNREACHABLE_CODE = YES;
				CLANG_WARN__DUPLICATE_METHOD_MATCH = YES;
				COPY_PHASE_STRIP = NO;
				DEBUG_INFORMATION_FORMAT = dwarf;
				ENABLE_STRICT_OBJC_MSGSEND = YES;
				ENABLE_TESTABILITY = YES;
				GCC_C_LANGUAGE_STANDARD = gnu11;
				GCC_DYNAMIC_NO_PIC = NO;
				GCC_NO_COMMON_BLOCKS = YES;
				GCC_OPTIMIZATION_LEVEL = 0;
				GCC_PREPROCESSOR_DEFINITIONS = (
					"DEBUG=1",
					"$(inherited)",
				);
				GCC_WARN_64_TO_32_BIT_CONVERSION = YES;
				GCC_WARN_ABOUT_RETURN_TYPE = YES_ERROR;
				GCC_WARN_UNDECLARED_SELECTOR = YES;
				GCC_WARN_UNINITIALIZED_AUTOS = YES_AGGRESSIVE;
				GCC_WARN_UNUSED_FUNCTION = YES;
				GCC_WARN_UNUSED_VARIABLE = YES;
				IPHONEOS_DEPLOYMENT_TARGET = 13.7;
				MTL_ENABLE_DEBUG_INFO = INCLUDE_SOURCE;
				MTL_FAST_MATH = YES;
				ONLY_ACTIVE_ARCH = YES;
				SDKROOT = iphoneos;
				SWIFT_ACTIVE_COMPILATION_CONDITIONS = DEBUG;
				SWIFT_OPTIMIZATION_LEVEL = "-Onone";
			};
			name = Debug;
		};
		F1381B9A25122D24007319B6 /* Release */ = {
			isa = XCBuildConfiguration;
			buildSettings = {
				ALWAYS_SEARCH_USER_PATHS = NO;
				CLANG_ANALYZER_NONNULL = YES;
				CLANG_ANALYZER_NUMBER_OBJECT_CONVERSION = YES_AGGRESSIVE;
				CLANG_CXX_LANGUAGE_STANDARD = "gnu++14";
				CLANG_CXX_LIBRARY = "libc++";
				CLANG_ENABLE_MODULES = YES;
				CLANG_ENABLE_OBJC_ARC = YES;
				CLANG_ENABLE_OBJC_WEAK = YES;
				CLANG_WARN_BLOCK_CAPTURE_AUTORELEASING = YES;
				CLANG_WARN_BOOL_CONVERSION = YES;
				CLANG_WARN_COMMA = YES;
				CLANG_WARN_CONSTANT_CONVERSION = YES;
				CLANG_WARN_DEPRECATED_OBJC_IMPLEMENTATIONS = YES;
				CLANG_WARN_DIRECT_OBJC_ISA_USAGE = YES_ERROR;
				CLANG_WARN_DOCUMENTATION_COMMENTS = YES;
				CLANG_WARN_EMPTY_BODY = YES;
				CLANG_WARN_ENUM_CONVERSION = YES;
				CLANG_WARN_INFINITE_RECURSION = YES;
				CLANG_WARN_INT_CONVERSION = YES;
				CLANG_WARN_NON_LITERAL_NULL_CONVERSION = YES;
				CLANG_WARN_OBJC_IMPLICIT_RETAIN_SELF = YES;
				CLANG_WARN_OBJC_LITERAL_CONVERSION = YES;
				CLANG_WARN_OBJC_ROOT_CLASS = YES_ERROR;
				CLANG_WARN_RANGE_LOOP_ANALYSIS = YES;
				CLANG_WARN_STRICT_PROTOTYPES = YES;
				CLANG_WARN_SUSPICIOUS_MOVE = YES;
				CLANG_WARN_UNGUARDED_AVAILABILITY = YES_AGGRESSIVE;
				CLANG_WARN_UNREACHABLE_CODE = YES;
				CLANG_WARN__DUPLICATE_METHOD_MATCH = YES;
				COPY_PHASE_STRIP = NO;
				DEBUG_INFORMATION_FORMAT = "dwarf-with-dsym";
				ENABLE_NS_ASSERTIONS = NO;
				ENABLE_STRICT_OBJC_MSGSEND = YES;
				GCC_C_LANGUAGE_STANDARD = gnu11;
				GCC_NO_COMMON_BLOCKS = YES;
				GCC_WARN_64_TO_32_BIT_CONVERSION = YES;
				GCC_WARN_ABOUT_RETURN_TYPE = YES_ERROR;
				GCC_WARN_UNDECLARED_SELECTOR = YES;
				GCC_WARN_UNINITIALIZED_AUTOS = YES_AGGRESSIVE;
				GCC_WARN_UNUSED_FUNCTION = YES;
				GCC_WARN_UNUSED_VARIABLE = YES;
				IPHONEOS_DEPLOYMENT_TARGET = 13.7;
				MTL_ENABLE_DEBUG_INFO = NO;
				MTL_FAST_MATH = YES;
				SDKROOT = iphoneos;
				SWIFT_COMPILATION_MODE = wholemodule;
				SWIFT_OPTIMIZATION_LEVEL = "-O";
				VALIDATE_PRODUCT = YES;
			};
			name = Release;
		};
		F1381B9C25122D24007319B6 /* Debug */ = {
			isa = XCBuildConfiguration;
			buildSettings = {
				ASSETCATALOG_COMPILER_APPICON_NAME = AppIcon;
				CODE_SIGN_STYLE = Automatic;
				DEVELOPMENT_TEAM = 4PQKX97SLV;
				INFOPLIST_FILE = "coder-swag/Info.plist";
				LD_RUNPATH_SEARCH_PATHS = (
					"$(inherited)",
					"@executable_path/Frameworks",
				);
				PRODUCT_BUNDLE_IDENTIFIER = "emalvido.coder-swag";
				PRODUCT_NAME = "$(TARGET_NAME)";
				SWIFT_VERSION = 5.0;
				TARGETED_DEVICE_FAMILY = "1,2";
			};
			name = Debug;
		};
		F1381B9D25122D24007319B6 /* Release */ = {
			isa = XCBuildConfiguration;
			buildSettings = {
				ASSETCATALOG_COMPILER_APPICON_NAME = AppIcon;
				CODE_SIGN_STYLE = Automatic;
				DEVELOPMENT_TEAM = 4PQKX97SLV;
				INFOPLIST_FILE = "coder-swag/Info.plist";
				LD_RUNPATH_SEARCH_PATHS = (
					"$(inherited)",
					"@executable_path/Frameworks",
				);
				PRODUCT_BUNDLE_IDENTIFIER = "emalvido.coder-swag";
				PRODUCT_NAME = "$(TARGET_NAME)";
				SWIFT_VERSION = 5.0;
				TARGETED_DEVICE_FAMILY = "1,2";
			};
			name = Release;
		};
/* End XCBuildConfiguration section */

/* Begin XCConfigurationList section */
		F1381B8225122D21007319B6 /* Build configuration list for PBXProject "coder-swag" */ = {
			isa = XCConfigurationList;
			buildConfigurations = (
				F1381B9925122D24007319B6 /* Debug */,
				F1381B9A25122D24007319B6 /* Release */,
			);
			defaultConfigurationIsVisible = 0;
			defaultConfigurationName = Release;
		};
		F1381B9B25122D24007319B6 /* Build configuration list for PBXNativeTarget "coder-swag" */ = {
			isa = XCConfigurationList;
			buildConfigurations = (
				F1381B9C25122D24007319B6 /* Debug */,
				F1381B9D25122D24007319B6 /* Release */,
			);
			defaultConfigurationIsVisible = 0;
			defaultConfigurationName = Release;
		};
/* End XCConfigurationList section */
	};
	rootObject = F1381B7F25122D21007319B6 /* Project object */;
}
